
Microsoft Visual Studio Solution File, Format Version 12.00
# Visual Studio Version 16
VisualStudioVersion = 16.0.31205.134
MinimumVisualStudioVersion = 10.0.40219.1
Project("{9A19103F-16F7-4668-BE54-9A1E7A4F7556}") = "BirthdayDashing.API", "BirthdayDashing.API\BirthdayDashing.API.csproj", "{C22FA5A5-F3EE-48B4-8E01-15ADEEF54584}"
EndProject
Project("{9A19103F-16F7-4668-BE54-9A1E7A4F7556}") = "BirthdayDashing.Infrastructure", "BirthdayDashing.Infrastructure\BirthdayDashing.Infrastructure.csproj", "{932375B9-6F2C-4B32-B7FC-71E8DBAE8C25}"
EndProject
Project("{9A19103F-16F7-4668-BE54-9A1E7A4F7556}") = "BirthdayDashing.Domain", "BirthdayDashing.Domain\BirthdayDashing.Domain.csproj", "{B8155119-6716-4BE2-97C3-818DB10A1A88}"
EndProject
Project("{9A19103F-16F7-4668-BE54-9A1E7A4F7556}") = "Common", "Common\Common.csproj", "{4FC32081-60A4-4E6C-98B3-116A288685EB}"
EndProject
Project("{9A19103F-16F7-4668-BE54-9A1E7A4F7556}") = "BirthdayDashing.Application", "BirthdayDashing.Application\BirthdayDashing.Application.csproj", "{35484785-0B17-44BF-887B-96CECCFE7B0D}"
EndProject
Project("{00D1A9C2-B5F0-4AF3-8072-F6C62B433612}") = "BirthdayDashing.DbConfig", "BirthdayDashing.DbConfig\BirthdayDashing.DbConfig.sqlproj", "{AE395460-E890-44C2-9F33-D1738B56838E}"
EndProject
Global
	GlobalSection(SolutionConfigurationPlatforms) = preSolution
		Debug|Any CPU = Debug|Any CPU
		Release|Any CPU = Release|Any CPU
	EndGlobalSection
	GlobalSection(ProjectConfigurationPlatforms) = postSolution
		{C22FA5A5-F3EE-48B4-8E01-15ADEEF54584}.Debug|Any CPU.ActiveCfg = Debug|Any CPU
		{C22FA5A5-F3EE-48B4-8E01-15ADEEF54584}.Debug|Any CPU.Build.0 = Debug|Any CPU
		{C22FA5A5-F3EE-48B4-8E01-15ADEEF54584}.Release|Any CPU.ActiveCfg = Release|Any CPU
		{C22FA5A5-F3EE-48B4-8E01-15ADEEF54584}.Release|Any CPU.Build.0 = Release|Any CPU
		{932375B9-6F2C-4B32-B7FC-71E8DBAE8C25}.Debug|Any CPU.ActiveCfg = Debug|Any CPU
		{932375B9-6F2C-4B32-B7FC-71E8DBAE8C25}.Debug|Any CPU.Build.0 = Debug|Any CPU
		{932375B9-6F2C-4B32-B7FC-71E8DBAE8C25}.Release|Any CPU.ActiveCfg = Release|Any CPU
		{932375B9-6F2C-4B32-B7FC-71E8DBAE8C25}.Release|Any CPU.Build.0 = Release|Any CPU
		{B8155119-6716-4BE2-97C3-818DB10A1A88}.Debug|Any CPU.ActiveCfg = Debug|Any CPU
		{B8155119-6716-4BE2-97C3-818DB10A1A88}.Debug|Any CPU.Build.0 = Debug|Any CPU
		{B8155119-6716-4BE2-97C3-818DB10A1A88}.Release|Any CPU.ActiveCfg = Release|Any CPU
		{B8155119-6716-4BE2-97C3-818DB10A1A88}.Release|Any CPU.Build.0 = Release|Any CPU
		{4FC32081-60A4-4E6C-98B3-116A288685EB}.Debug|Any CPU.ActiveCfg = Debug|Any CPU
		{4FC32081-60A4-4E6C-98B3-116A288685EB}.Debug|Any CPU.Build.0 = Debug|Any CPU
		{4FC32081-60A4-4E6C-98B3-116A288685EB}.Release|Any CPU.ActiveCfg = Release|Any CPU
		{4FC32081-60A4-4E6C-98B3-116A288685EB}.Release|Any CPU.Build.0 = Release|Any CPU
		{35484785-0B17-44BF-887B-96CECCFE7B0D}.Debug|Any CPU.ActiveCfg = Debug|Any CPU
		{35484785-0B17-44BF-887B-96CECCFE7B0D}.Debug|Any CPU.Build.0 = Debug|Any CPU
		{35484785-0B17-44BF-887B-96CECCFE7B0D}.Release|Any CPU.ActiveCfg = Release|Any CPU
		{35484785-0B17-44BF-887B-96CECCFE7B0D}.Release|Any CPU.Build.0 = Release|Any CPU
		{AE395460-E890-44C2-9F33-D1738B56838E}.Debug|Any CPU.ActiveCfg = Debug|Any CPU
		{AE395460-E890-44C2-9F33-D1738B56838E}.Debug|Any CPU.Build.0 = Debug|Any CPU
		{AE395460-E890-44C2-9F33-D1738B56838E}.Debug|Any CPU.Deploy.0 = Debug|Any CPU
		{AE395460-E890-44C2-9F33-D1738B56838E}.Release|Any CPU.ActiveCfg = Release|Any CPU
		{AE395460-E890-44C2-9F33-D1738B56838E}.Release|Any CPU.Build.0 = Release|Any CPU
		{AE395460-E890-44C2-9F33-D1738B56838E}.Release|Any CPU.Deploy.0 = Release|Any CPU
	EndGlobalSection
	GlobalSection(SolutionProperties) = preSolution
		HideSolutionNode = FALSE
	EndGlobalSection
	GlobalSection(ExtensibilityGlobals) = postSolution
		SolutionGuid = {57F4B5BC-F97B-4282-9035-51D505446E32}
	EndGlobalSection
EndGlobal
